
Microsoft Visual Studio Solution File, Format Version 12.00
# Visual Studio Version 17
VisualStudioVersion = 17.11.35312.102
MinimumVisualStudioVersion = 10.0.40219.1
Project("{FAE04EC0-301F-11D3-BF4B-00C04F79EFBC}") = "Simple Ecomerce", "Simple Ecomerce\Simple Ecomerce.csproj", "{7C5B081A-CCBE-4C9F-8396-5CD6BD07EE37}"
EndProject
Global
	GlobalSection(SolutionConfigurationPlatforms) = preSolution
		Debug|Any CPU = Debug|Any CPU
		Release|Any CPU = Release|Any CPU
	EndGlobalSection
	GlobalSection(ProjectConfigurationPlatforms) = postSolution
		{7C5B081A-CCBE-4C9F-8396-5CD6BD07EE37}.Debug|Any CPU.ActiveCfg = Debug|Any CPU
		{7C5B081A-CCBE-4C9F-8396-5CD6BD07EE37}.Debug|Any CPU.Build.0 = Debug|Any CPU
		{7C5B081A-CCBE-4C9F-8396-5CD6BD07EE37}.Release|Any CPU.ActiveCfg = Release|Any CPU
		{7C5B081A-CCBE-4C9F-8396-5CD6BD07EE37}.Release|Any CPU.Build.0 = Release|Any CPU
	EndGlobalSection
	GlobalSection(SolutionProperties) = preSolution
		HideSolutionNode = FALSE
	EndGlobalSection
	GlobalSection(ExtensibilityGlobals) = postSolution
		SolutionGuid = {D5213185-FDD0-4D1A-B72A-436542EAEC60}
	EndGlobalSection
EndGlobal
